
Microsoft Visual Studio Solution File, Format Version 12.00
# Visual Studio 15
VisualStudioVersion = 15.0.28010.2041
MinimumVisualStudioVersion = 10.0.40219.1
Project("{9A19103F-16F7-4668-BE54-9A1E7A4F7556}") = "Server.BLL", "Server.BLL\Server.BLL.csproj", "{9771C3FC-3B76-4932-BE50-ED48D0F0B269}"
EndProject
Project("{9A19103F-16F7-4668-BE54-9A1E7A4F7556}") = "Server.DAL", "Server.DAL\Server.DAL.csproj", "{701ACF0E-DC85-4D25-A675-8F6D12FDE66A}"
EndProject
Project("{FAE04EC0-301F-11D3-BF4B-00C04F79EFBC}") = "Server.AL", "Server.AL\Server.AL.csproj", "{278CA739-C871-4C77-A663-68942E108692}"
EndProject
Global
	GlobalSection(SolutionConfigurationPlatforms) = preSolution
		Debug|Any CPU = Debug|Any CPU
		Release|Any CPU = Release|Any CPU
	EndGlobalSection
	GlobalSection(ProjectConfigurationPlatforms) = postSolution
		{9771C3FC-3B76-4932-BE50-ED48D0F0B269}.Debug|Any CPU.ActiveCfg = Debug|Any CPU
		{9771C3FC-3B76-4932-BE50-ED48D0F0B269}.Debug|Any CPU.Build.0 = Debug|Any CPU
		{9771C3FC-3B76-4932-BE50-ED48D0F0B269}.Release|Any CPU.ActiveCfg = Release|Any CPU
		{9771C3FC-3B76-4932-BE50-ED48D0F0B269}.Release|Any CPU.Build.0 = Release|Any CPU
		{701ACF0E-DC85-4D25-A675-8F6D12FDE66A}.Debug|Any CPU.ActiveCfg = Debug|Any CPU
		{701ACF0E-DC85-4D25-A675-8F6D12FDE66A}.Debug|Any CPU.Build.0 = Debug|Any CPU
		{701ACF0E-DC85-4D25-A675-8F6D12FDE66A}.Release|Any CPU.ActiveCfg = Release|Any CPU
		{701ACF0E-DC85-4D25-A675-8F6D12FDE66A}.Release|Any CPU.Build.0 = Release|Any CPU
		{278CA739-C871-4C77-A663-68942E108692}.Debug|Any CPU.ActiveCfg = Debug|Any CPU
		{278CA739-C871-4C77-A663-68942E108692}.Debug|Any CPU.Build.0 = Debug|Any CPU
		{278CA739-C871-4C77-A663-68942E108692}.Release|Any CPU.ActiveCfg = Release|Any CPU
		{278CA739-C871-4C77-A663-68942E108692}.Release|Any CPU.Build.0 = Release|Any CPU
	EndGlobalSection
	GlobalSection(SolutionProperties) = preSolution
		HideSolutionNode = FALSE
	EndGlobalSection
	GlobalSection(ExtensibilityGlobals) = postSolution
		SolutionGuid = {2720DDCE-0037-403A-A82D-DE850DEDBD8F}
	EndGlobalSection
EndGlobal
